{
  "name": "fp-api",
  "version": "1.0.0",
  "lockfileVersion": 3,
  "requires": true,
  "packages": {
    "": {
      "name": "fp-api",
      "version": "1.0.0",
      "license": "ISC",
      "dependencies": {
        "expressjs": "^1.0.1",
        "yarn": "^1.22.19"
      }
    },
    "node_modules/expressjs": {
      "version": "1.0.1",
      "resolved": "https://registry.npmjs.org/expressjs/-/expressjs-1.0.1.tgz",
      "integrity": "sha512-eFnQ5bMJxTZ29XwRJPV8ee/OURBBMS6Fm+b5rvMMEyz6u2IxPEh2SRzMZt9WvgnV+SMLmnzkALE1DnGG1HxJCw==",
      "deprecated": "This is a typosquat on the popular Express package. This is not maintained nor is the original Express package."
    },
    "node_modules/yarn": {
      "version": "1.22.19",
      "resolved": "https://registry.npmjs.org/yarn/-/yarn-1.22.19.tgz",
      "integrity": "sha512-/0V5q0WbslqnwP91tirOvldvYISzaqhClxzyUKXYxs07yUILIs5jx/k6CFe8bvKSkds5w+eiOqta39Wk3WxdcQ==",
      "hasInstallScript": true,
      "bin": {
        "yarn": "bin/yarn.js",
        "yarnpkg": "bin/yarn.js"
      },
      "engines": {
        "node": ">=4.0.0"
      }
    }
  }
}
